
Microsoft Visual Studio Solution File, Format Version 12.00
# Visual Studio Version 16
VisualStudioVersion = 16.0.31129.286
MinimumVisualStudioVersion = 10.0.40219.1
Project("{FAE04EC0-301F-11D3-BF4B-00C04F79EFBC}") = "WebUI", "src\WebUI\WebUI.csproj", "{D3A8C09E-BA04-4F18-BBEC-860E525B7EAF}"
EndProject
Global
	GlobalSection(SolutionConfigurationPlatforms) = preSolution
		Debug|Any CPU = Debug|Any CPU
		Release|Any CPU = Release|Any CPU
	EndGlobalSection
	GlobalSection(ProjectConfigurationPlatforms) = postSolution
		{D3A8C09E-BA04-4F18-BBEC-860E525B7EAF}.Debug|Any CPU.ActiveCfg = Debug|Any CPU
		{D3A8C09E-BA04-4F18-BBEC-860E525B7EAF}.Debug|Any CPU.Build.0 = Debug|Any CPU
		{D3A8C09E-BA04-4F18-BBEC-860E525B7EAF}.Release|Any CPU.ActiveCfg = Release|Any CPU
		{D3A8C09E-BA04-4F18-BBEC-860E525B7EAF}.Release|Any CPU.Build.0 = Release|Any CPU
	EndGlobalSection
	GlobalSection(SolutionProperties) = preSolution
		HideSolutionNode = FALSE
	EndGlobalSection
	GlobalSection(ExtensibilityGlobals) = postSolution
		SolutionGuid = {524A6254-8193-495A-9B2E-12F7043F4B5A}
	EndGlobalSection
EndGlobal
